{
  "name": "framework-n-able-arduino-pro-micro-nrf52840",
  "version": "1.0.0",
  "lockfileVersion": 3,
  "requires": true,
  "packages": {
    "": {
      "name": "framework-n-able-arduino-pro-micro-nrf52840",
      "version": "1.0.0",
      "license": "LGPL-2.1-or-later",
      "dependencies": {
        "framework-n-able-arduino-pro-micro-nrf52840": "file:"
      }
    },
    "node_modules/framework-n-able-arduino-pro-micro-nrf52840": {
      "resolved": "",
      "link": true
    }
  }
}
